// !$*UTF8*$!
{
	archiveVersion = 1;
	classes = {
	};
	objectVersion = 46;
	objects = {

/* Begin PBXBuildFile section */
		FE6972661D9906680060D93A /* main.m in Sources */ = {isa = PBXBuildFile; fileRef = FE6972651D9906680060D93A /* main.m */; };
		FE6972691D9906680060D93A /* AppDelegate.m in Sources */ = {isa = PBXBuildFile; fileRef = FE6972681D9906680060D93A /* AppDelegate.m */; };
		FE69726C1D9906680060D93A /* ViewController.m in Sources */ = {isa = PBXBuildFile; fileRef = FE69726B1D9906680060D93A /* ViewController.m */; };
		FE69726F1D9906680060D93A /* Main.storyboard in Resources */ = {isa = PBXBuildFile; fileRef = FE69726D1D9906680060D93A /* Main.storyboard */; };
		FE6972711D9906680060D93A /* Assets.xcassets in Resources */ = {isa = PBXBuildFile; fileRef = FE6972701D9906680060D93A /* Assets.xcassets */; };
		FE6972741D9906680060D93A /* LaunchScreen.storyboard in Resources */ = {isa = PBXBuildFile; fileRef = FE6972721D9906680060D93A /* LaunchScreen.storyboard */; };
		FE69727D1D9907A70060D93A /* DragCardView.m in Sources */ = {isa = PBXBuildFile; fileRef = FE69727C1D9907A70060D93A /* DragCardView.m */; };
		FE9C9B1B1D9A04B40003BAFF /* 0.jpeg in Resources */ = {isa = PBXBuildFile; fileRef = FE9C9B0E1D9A04B40003BAFF /* 0.jpeg */; };
		FE9C9B1C1D9A04B40003BAFF /* 1.jpeg in Resources */ = {isa = PBXBuildFile; fileRef = FE9C9B0F1D9A04B40003BAFF /* 1.jpeg */; };
		FE9C9B1D1D9A04B40003BAFF /* 10.jpeg in Resources */ = {isa = PBXBuildFile; fileRef = FE9C9B101D9A04B40003BAFF /* 10.jpeg */; };
		FE9C9B1E1D9A04B40003BAFF /* 2.jpeg in Resources */ = {isa = PBXBuildFile; fileRef = FE9C9B111D9A04B40003BAFF /* 2.jpeg */; };
		FE9C9B1F1D9A04B40003BAFF /* 3.jpeg in Resources */ = {isa = PBXBuildFile; fileRef = FE9C9B121D9A04B40003BAFF /* 3.jpeg */; };
		FE9C9B201D9A04B40003BAFF /* 4.jpeg in Resources */ = {isa = PBXBuildFile; fileRef = FE9C9B131D9A04B40003BAFF /* 4.jpeg */; };
		FE9C9B211D9A04B40003BAFF /* 5.jpeg in Resources */ = {isa = PBXBuildFile; fileRef = FE9C9B141D9A04B40003BAFF /* 5.jpeg */; };
		FE9C9B221D9A04B40003BAFF /* 6.jpeg in Resources */ = {isa = PBXBuildFile; fileRef = FE9C9B151D9A04B40003BAFF /* 6.jpeg */; };
		FE9C9B231D9A04B40003BAFF /* 7.jpeg in Resources */ = {isa = PBXBuildFile; fileRef = FE9C9B161D9A04B40003BAFF /* 7.jpeg */; };
		FE9C9B241D9A04B40003BAFF /* 8.jpeg in Resources */ = {isa = PBXBuildFile; fileRef = FE9C9B171D9A04B40003BAFF /* 8.jpeg */; };
		FE9C9B251D9A04B40003BAFF /* 9.jpeg in Resources */ = {isa = PBXBuildFile; fileRef = FE9C9B181D9A04B40003BAFF /* 9.jpeg */; };
		FE9C9B261D9A04B40003BAFF /* dislikeBtn.png in Resources */ = {isa = PBXBuildFile; fileRef = FE9C9B191D9A04B40003BAFF /* dislikeBtn.png */; };
		FE9C9B271D9A04B40003BAFF /* likeBtn.png in Resources */ = {isa = PBXBuildFile; fileRef = FE9C9B1A1D9A04B40003BAFF /* likeBtn.png */; };
/* End PBXBuildFile section */

/* Begin PBXFileReference section */
		FE6972611D9906680060D93A /* CardAnimation.app */ = {isa = PBXFileReference; explicitFileType = wrapper.application; includeInIndex = 0; path = CardAnimation.app; sourceTree = BUILT_PRODUCTS_DIR; };
		FE6972651D9906680060D93A /* main.m */ = {isa = PBXFileReference; lastKnownFileType = sourcecode.c.objc; path = main.m; sourceTree = "<group>"; };
		FE6972671D9906680060D93A /* AppDelegate.h */ = {isa = PBXFileReference; lastKnownFileType = sourcecode.c.h; path = AppDelegate.h; sourceTree = "<group>"; };
		FE6972681D9906680060D93A /* AppDelegate.m */ = {isa = PBXFileReference; lastKnownFileType = sourcecode.c.objc; path = AppDelegate.m; sourceTree = "<group>"; };
		FE69726A1D9906680060D93A /* ViewController.h */ = {isa = PBXFileReference; lastKnownFileType = sourcecode.c.h; path = ViewController.h; sourceTree = "<group>"; };
		FE69726B1D9906680060D93A /* ViewController.m */ = {isa = PBXFileReference; lastKnownFileType = sourcecode.c.objc; path = ViewController.m; sourceTree = "<group>"; };
		FE69726E1D9906680060D93A /* Base */ = {isa = PBXFileReference; lastKnownFileType = file.storyboard; name = Base; path = Base.lproj/Main.storyboard; sourceTree = "<group>"; };
		FE6972701D9906680060D93A /* Assets.xcassets */ = {isa = PBXFileReference; lastKnownFileType = folder.assetcatalog; path = Assets.xcassets; sourceTree = "<group>"; };
		FE6972731D9906680060D93A /* Base */ = {isa = PBXFileReference; lastKnownFileType = file.storyboard; name = Base; path = Base.lproj/LaunchScreen.storyboard; sourceTree = "<group>"; };
		FE6972751D9906680060D93A /* Info.plist */ = {isa = PBXFileReference; lastKnownFileType = text.plist.xml; path = Info.plist; sourceTree = "<group>"; };
		FE69727B1D9907A70060D93A /* DragCardView.h */ = {isa = PBXFileReference; fileEncoding = 4; lastKnownFileType = sourcecode.c.h; path = DragCardView.h; sourceTree = "<group>"; };
		FE69727C1D9907A70060D93A /* DragCardView.m */ = {isa = PBXFileReference; fileEncoding = 4; lastKnownFileType = sourcecode.c.objc; path = DragCardView.m; sourceTree = "<group>"; };
		FE69727E1D990A1A0060D93A /* PrefixHeader.pch */ = {isa = PBXFileReference; lastKnownFileType = sourcecode.c.h; path = PrefixHeader.pch; sourceTree = "<group>"; };
		FE6972801D990B720060D93A /* CardHeader.h */ = {isa = PBXFileReference; fileEncoding = 4; lastKnownFileType = sourcecode.c.h; path = CardHeader.h; sourceTree = "<group>"; };
		FE9C9B0E1D9A04B40003BAFF /* 0.jpeg */ = {isa = PBXFileReference; lastKnownFileType = image.jpeg; path = 0.jpeg; sourceTree = "<group>"; };
		FE9C9B0F1D9A04B40003BAFF /* 1.jpeg */ = {isa = PBXFileReference; lastKnownFileType = image.jpeg; path = 1.jpeg; sourceTree = "<group>"; };
		FE9C9B101D9A04B40003BAFF /* 10.jpeg */ = {isa = PBXFileReference; lastKnownFileType = image.jpeg; path = 10.jpeg; sourceTree = "<group>"; };
		FE9C9B111D9A04B40003BAFF /* 2.jpeg */ = {isa = PBXFileReference; lastKnownFileType = image.jpeg; path = 2.jpeg; sourceTree = "<group>"; };
		FE9C9B121D9A04B40003BAFF /* 3.jpeg */ = {isa = PBXFileReference; lastKnownFileType = image.jpeg; path = 3.jpeg; sourceTree = "<group>"; };
		FE9C9B131D9A04B40003BAFF /* 4.jpeg */ = {isa = PBXFileReference; lastKnownFileType = image.jpeg; path = 4.jpeg; sourceTree = "<group>"; };
		FE9C9B141D9A04B40003BAFF /* 5.jpeg */ = {isa = PBXFileReference; lastKnownFileType = image.jpeg; path = 5.jpeg; sourceTree = "<group>"; };
		FE9C9B151D9A04B40003BAFF /* 6.jpeg */ = {isa = PBXFileReference; lastKnownFileType = image.jpeg; path = 6.jpeg; sourceTree = "<group>"; };
		FE9C9B161D9A04B40003BAFF /* 7.jpeg */ = {isa = PBXFileReference; lastKnownFileType = image.jpeg; path = 7.jpeg; sourceTree = "<group>"; };
		FE9C9B171D9A04B40003BAFF /* 8.jpeg */ = {isa = PBXFileReference; lastKnownFileType = image.jpeg; path = 8.jpeg; sourceTree = "<group>"; };
		FE9C9B181D9A04B40003BAFF /* 9.jpeg */ = {isa = PBXFileReference; lastKnownFileType = image.jpeg; path = 9.jpeg; sourceTree = "<group>"; };
		FE9C9B191D9A04B40003BAFF /* dislikeBtn.png */ = {isa = PBXFileReference; lastKnownFileType = image.png; path = dislikeBtn.png; sourceTree = "<group>"; };
		FE9C9B1A1D9A04B40003BAFF /* likeBtn.png */ = {isa = PBXFileReference; lastKnownFileType = image.png; path = likeBtn.png; sourceTree = "<group>"; };
/* End PBXFileReference section */

/* Begin PBXFrameworksBuildPhase section */
		FE69725E1D9906680060D93A /* Frameworks */ = {
			isa = PBXFrameworksBuildPhase;
			buildActionMask = 2147483647;
			files = (
			);
			runOnlyForDeploymentPostprocessing = 0;
		};
/* End PBXFrameworksBuildPhase section */

/* Begin PBXGroup section */
		FE6972581D9906680060D93A = {
			isa = PBXGroup;
			children = (
				FE6972631D9906680060D93A /* CardAnimation */,
				FE6972621D9906680060D93A /* Products */,
			);
			sourceTree = "<group>";
		};
		FE6972621D9906680060D93A /* Products */ = {
			isa = PBXGroup;
			children = (
				FE6972611D9906680060D93A /* CardAnimation.app */,
			);
			name = Products;
			sourceTree = "<group>";
		};
		FE6972631D9906680060D93A /* CardAnimation */ = {
			isa = PBXGroup;
			children = (
				FE9C9B0D1D9A04B40003BAFF /* images */,
				FE6972671D9906680060D93A /* AppDelegate.h */,
				FE6972681D9906680060D93A /* AppDelegate.m */,
				FE69726A1D9906680060D93A /* ViewController.h */,
				FE69726B1D9906680060D93A /* ViewController.m */,
				FE69727B1D9907A70060D93A /* DragCardView.h */,
				FE69727C1D9907A70060D93A /* DragCardView.m */,
				FE69727E1D990A1A0060D93A /* PrefixHeader.pch */,
				FE6972801D990B720060D93A /* CardHeader.h */,
				FE69726D1D9906680060D93A /* Main.storyboard */,
				FE6972701D9906680060D93A /* Assets.xcassets */,
				FE6972721D9906680060D93A /* LaunchScreen.storyboard */,
				FE6972751D9906680060D93A /* Info.plist */,
				FE6972641D9906680060D93A /* Supporting Files */,
			);
			path = CardAnimation;
			sourceTree = "<group>";
		};
		FE6972641D9906680060D93A /* Supporting Files */ = {
			isa = PBXGroup;
			children = (
				FE6972651D9906680060D93A /* main.m */,
			);
			name = "Supporting Files";
			sourceTree = "<group>";
		};
		FE9C9B0D1D9A04B40003BAFF /* images */ = {
			isa = PBXGroup;
			children = (
				FE9C9B0E1D9A04B40003BAFF /* 0.jpeg */,
				FE9C9B0F1D9A04B40003BAFF /* 1.jpeg */,
				FE9C9B101D9A04B40003BAFF /* 10.jpeg */,
				FE9C9B111D9A04B40003BAFF /* 2.jpeg */,
				FE9C9B121D9A04B40003BAFF /* 3.jpeg */,
				FE9C9B131D9A04B40003BAFF /* 4.jpeg */,
				FE9C9B141D9A04B40003BAFF /* 5.jpeg */,
				FE9C9B151D9A04B40003BAFF /* 6.jpeg */,
				FE9C9B161D9A04B40003BAFF /* 7.jpeg */,
				FE9C9B171D9A04B40003BAFF /* 8.jpeg */,
				FE9C9B181D9A04B40003BAFF /* 9.jpeg */,
				FE9C9B191D9A04B40003BAFF /* dislikeBtn.png */,
				FE9C9B1A1D9A04B40003BAFF /* likeBtn.png */,
			);
			path = images;
			sourceTree = "<group>";
		};
/* End PBXGroup section */

/* Begin PBXNativeTarget section */
		FE6972601D9906680060D93A /* CardAnimation */ = {
			isa = PBXNativeTarget;
			buildConfigurationList = FE6972781D9906680060D93A /* Build configuration list for PBXNativeTarget "CardAnimation" */;
			buildPhases = (
				FE69725D1D9906680060D93A /* Sources */,
				FE69725E1D9906680060D93A /* Frameworks */,
				FE69725F1D9906680060D93A /* Resources */,
			);
			buildRules = (
			);
			dependencies = (
			);
			name = CardAnimation;
			productName = CardAnimation;
			productReference = FE6972611D9906680060D93A /* CardAnimation.app */;
			productType = "com.apple.product-type.application";
		};
/* End PBXNativeTarget section */

/* Begin PBXProject section */
		FE6972591D9906680060D93A /* Project object */ = {
			isa = PBXProject;
			attributes = {
				LastUpgradeCheck = 0800;
				ORGANIZATIONNAME = "马晓强";
				TargetAttributes = {
					FE6972601D9906680060D93A = {
						CreatedOnToolsVersion = 8.0;
						ProvisioningStyle = Automatic;
					};
				};
			};
			buildConfigurationList = FE69725C1D9906680060D93A /* Build configuration list for PBXProject "CardAnimation" */;
			compatibilityVersion = "Xcode 3.2";
			developmentRegion = English;
			hasScannedForEncodings = 0;
			knownRegions = (
				en,
				Base,
			);
			mainGroup = FE6972581D9906680060D93A;
			productRefGroup = FE6972621D9906680060D93A /* Products */;
			projectDirPath = "";
			projectRoot = "";
			targets = (
				FE6972601D9906680060D93A /* CardAnimation */,
			);
		};
/* End PBXProject section */

/* Begin PBXResourcesBuildPhase section */
		FE69725F1D9906680060D93A /* Resources */ = {
			isa = PBXResourcesBuildPhase;
			buildActionMask = 2147483647;
			files = (
				FE9C9B241D9A04B40003BAFF /* 8.jpeg in Resources */,
				FE9C9B1D1D9A04B40003BAFF /* 10.jpeg in Resources */,
				FE9C9B231D9A04B40003BAFF /* 7.jpeg in Resources */,
				FE9C9B1C1D9A04B40003BAFF /* 1.jpeg in Resources */,
				FE9C9B261D9A04B40003BAFF /* dislikeBtn.png in Resources */,
				FE6972741D9906680060D93A /* LaunchScreen.storyboard in Resources */,
				FE6972711D9906680060D93A /* Assets.xcassets in Resources */,
				FE9C9B271D9A04B40003BAFF /* likeBtn.png in Resources */,
				FE9C9B1B1D9A04B40003BAFF /* 0.jpeg in Resources */,
				FE9C9B211D9A04B40003BAFF /* 5.jpeg in Resources */,
				FE9C9B221D9A04B40003BAFF /* 6.jpeg in Resources */,
				FE9C9B1F1D9A04B40003BAFF /* 3.jpeg in Resources */,
				FE69726F1D9906680060D93A /* Main.storyboard in Resources */,
				FE9C9B201D9A04B40003BAFF /* 4.jpeg in Resources */,
				FE9C9B1E1D9A04B40003BAFF /* 2.jpeg in Resources */,
				FE9C9B251D9A04B40003BAFF /* 9.jpeg in Resources */,
			);
			runOnlyForDeploymentPostprocessing = 0;
		};
/* End PBXResourcesBuildPhase section */

/* Begin PBXSourcesBuildPhase section */
		FE69725D1D9906680060D93A /* Sources */ = {
			isa = PBXSourcesBuildPhase;
			buildActionMask = 2147483647;
			files = (
				FE69727D1D9907A70060D93A /* DragCardView.m in Sources */,
				FE69726C1D9906680060D93A /* ViewController.m in Sources */,
				FE6972691D9906680060D93A /* AppDelegate.m in Sources */,
				FE6972661D9906680060D93A /* main.m in Sources */,
			);
			runOnlyForDeploymentPostprocessing = 0;
		};
/* End PBXSourcesBuildPhase section */

/* Begin PBXVariantGroup section */
		FE69726D1D9906680060D93A /* Main.storyboard */ = {
			isa = PBXVariantGroup;
			children = (
				FE69726E1D9906680060D93A /* Base */,
			);
			name = Main.storyboard;
			sourceTree = "<group>";
		};
		FE6972721D9906680060D93A /* LaunchScreen.storyboard */ = {
			isa = PBXVariantGroup;
			children = (
				FE6972731D9906680060D93A /* Base */,
			);
			name = LaunchScreen.storyboard;
			sourceTree = "<group>";
		};
/* End PBXVariantGroup section */

/* Begin XCBuildConfiguration section */
		FE6972761D9906680060D93A /* Debug */ = {
			isa = XCBuildConfiguration;
			buildSettings = {
				ALWAYS_SEARCH_USER_PATHS = NO;
				CLANG_ANALYZER_NONNULL = YES;
				CLANG_CXX_LANGUAGE_STANDARD = "gnu++0x";
				CLANG_CXX_LIBRARY = "libc++";
				CLANG_ENABLE_MODULES = YES;
				CLANG_ENABLE_OBJC_ARC = YES;
				CLANG_WARN_BOOL_CONVERSION = YES;
				CLANG_WARN_CONSTANT_CONVERSION = YES;
				CLANG_WARN_DIRECT_OBJC_ISA_USAGE = YES_ERROR;
				CLANG_WARN_DOCUMENTATION_COMMENTS = YES;
				CLANG_WARN_EMPTY_BODY = YES;
				CLANG_WARN_ENUM_CONVERSION = YES;
				CLANG_WARN_INFINITE_RECURSION = YES;
				CLANG_WARN_INT_CONVERSION = YES;
				CLANG_WARN_OBJC_ROOT_CLASS = YES_ERROR;
				CLANG_WARN_SUSPICIOUS_MOVES = YES;
				CLANG_WARN_UNREACHABLE_CODE = YES;
				CLANG_WARN__DUPLICATE_METHOD_MATCH = YES;
				"CODE_SIGN_IDENTITY[sdk=iphoneos*]" = "iPhone Developer";
				COPY_PHASE_STRIP = NO;
				DEBUG_INFORMATION_FORMAT = dwarf;
				ENABLE_STRICT_OBJC_MSGSEND = YES;
				ENABLE_TESTABILITY = YES;
				GCC_C_LANGUAGE_STANDARD = gnu99;
				GCC_DYNAMIC_NO_PIC = NO;
				GCC_NO_COMMON_BLOCKS = YES;
				GCC_OPTIMIZATION_LEVEL = 0;
				GCC_PREPROCESSOR_DEFINITIONS = (
					"DEBUG=1",
					"$(inherited)",
				);
				GCC_WARN_64_TO_32_BIT_CONVERSION = YES;
				GCC_WARN_ABOUT_RETURN_TYPE = YES_ERROR;
				GCC_WARN_UNDECLARED_SELECTOR = YES;
				GCC_WARN_UNINITIALIZED_AUTOS = YES_AGGRESSIVE;
				GCC_WARN_UNUSED_FUNCTION = YES;
				GCC_WARN_UNUSED_VARIABLE = YES;
				IPHONEOS_DEPLOYMENT_TARGET = 10.0;
				MTL_ENABLE_DEBUG_INFO = YES;
				ONLY_ACTIVE_ARCH = YES;
				SDKROOT = iphoneos;
				TARGETED_DEVICE_FAMILY = "1,2";
			};
			name = Debug;
		};
		FE6972771D9906680060D93A /* Release */ = {
			isa = XCBuildConfiguration;
			buildSettings = {
				ALWAYS_SEARCH_USER_PATHS = NO;
				CLANG_ANALYZER_NONNULL = YES;
				CLANG_CXX_LANGUAGE_STANDARD = "gnu++0x";
				CLANG_CXX_LIBRARY = "libc++";
				CLANG_ENABLE_MODULES = YES;
				CLANG_ENABLE_OBJC_ARC = YES;
				CLANG_WARN_BOOL_CONVERSION = YES;
				CLANG_WARN_CONSTANT_CONVERSION = YES;
				CLANG_WARN_DIRECT_OBJC_ISA_USAGE = YES_ERROR;
				CLANG_WARN_DOCUMENTATION_COMMENTS = YES;
				CLANG_WARN_EMPTY_BODY = YES;
				CLANG_WARN_ENUM_CONVERSION = YES;
				CLANG_WARN_INFINITE_RECURSION = YES;
				CLANG_WARN_INT_CONVERSION = YES;
				CLANG_WARN_OBJC_ROOT_CLASS = YES_ERROR;
				CLANG_WARN_SUSPICIOUS_MOVES = YES;
				CLANG_WARN_UNREACHABLE_CODE = YES;
				CLANG_WARN__DUPLICATE_METHOD_MATCH = YES;
				"CODE_SIGN_IDENTITY[sdk=iphoneos*]" = "iPhone Developer";
				COPY_PHASE_STRIP = NO;
				DEBUG_INFORMATION_FORMAT = "dwarf-with-dsym";
				ENABLE_NS_ASSERTIONS = NO;
				ENABLE_STRICT_OBJC_MSGSEND = YES;
				GCC_C_LANGUAGE_STANDARD = gnu99;
				GCC_NO_COMMON_BLOCKS = YES;
				GCC_WARN_64_TO_32_BIT_CONVERSION = YES;
				GCC_WARN_ABOUT_RETURN_TYPE = YES_ERROR;
				GCC_WARN_UNDECLARED_SELECTOR = YES;
				GCC_WARN_UNINITIALIZED_AUTOS = YES_AGGRESSIVE;
				GCC_WARN_UNUSED_FUNCTION = YES;
				GCC_WARN_UNUSED_VARIABLE = YES;
				IPHONEOS_DEPLOYMENT_TARGET = 10.0;
				MTL_ENABLE_DEBUG_INFO = NO;
				SDKROOT = iphoneos;
				TARGETED_DEVICE_FAMILY = "1,2";
				VALIDATE_PRODUCT = YES;
			};
			name = Release;
		};
		FE6972791D9906680060D93A /* Debug */ = {
			isa = XCBuildConfiguration;
			buildSettings = {
				ASSETCATALOG_COMPILER_APPICON_NAME = AppIcon;
				GCC_PREFIX_HEADER = "$(SRCROOT)/CardAnimation/PrefixHeader.pch";
				INFOPLIST_FILE = CardAnimation/Info.plist;
				LD_RUNPATH_SEARCH_PATHS = "$(inherited) @executable_path/Frameworks";
				PRODUCT_BUNDLE_IDENTIFIER = com.nibazhuang.www.CardAnimation;
				PRODUCT_NAME = "$(TARGET_NAME)";
			};
			name = Debug;
		};
		FE69727A1D9906680060D93A /* Release */ = {
			isa = XCBuildConfiguration;
			buildSettings = {
				ASSETCATALOG_COMPILER_APPICON_NAME = AppIcon;
				GCC_PREFIX_HEADER = "$(SRCROOT)/CardAnimation/PrefixHeader.pch";
				INFOPLIST_FILE = CardAnimation/Info.plist;
				LD_RUNPATH_SEARCH_PATHS = "$(inherited) @executable_path/Frameworks";
				PRODUCT_BUNDLE_IDENTIFIER = com.nibazhuang.www.CardAnimation;
				PRODUCT_NAME = "$(TARGET_NAME)";
			};
			name = Release;
		};
/* End XCBuildConfiguration section */

/* Begin XCConfigurationList section */
		FE69725C1D9906680060D93A /* Build configuration list for PBXProject "CardAnimation" */ = {
			isa = XCConfigurationList;
			buildConfigurations = (
				FE6972761D9906680060D93A /* Debug */,
				FE6972771D9906680060D93A /* Release */,
			);
			defaultConfigurationIsVisible = 0;
			defaultConfigurationName = Release;
		};
		FE6972781D9906680060D93A /* Build configuration list for PBXNativeTarget "CardAnimation" */ = {
			isa = XCConfigurationList;
			buildConfigurations = (
				FE6972791D9906680060D93A /* Debug */,
				FE69727A1D9906680060D93A /* Release */,
			);
			defaultConfigurationIsVisible = 0;
			defaultConfigurationName = Release;
		};
/* End XCConfigurationList section */
	};
	rootObject = FE6972591D9906680060D93A /* Project object */;
}
